
Microsoft Visual Studio Solution File, Format Version 12.00
# Visual Studio Version 17
VisualStudioVersion = 17.1.32421.90
MinimumVisualStudioVersion = 10.0.40219.1
Project("{9A19103F-16F7-4668-BE54-9A1E7A4F7556}") = "Övning5", "Övning5\Övning5.csproj", "{CB5F278A-3342-4F7D-8964-19333F00DC54}"
EndProject
Project("{2150E333-8FDC-42A3-9474-1A3956D46DE8}") = "Tests", "Tests", "{9E39A9E5-3FCC-4926-B2A4-5CD423F22E8D}"
EndProject
Project("{FAE04EC0-301F-11D3-BF4B-00C04F79EFBC}") = "Övning5Test", "Övning5Test\Övning5Test.csproj", "{BCD06B05-61D9-4C71-AE59-0866DBA46625}"
EndProject
Global
	GlobalSection(SolutionConfigurationPlatforms) = preSolution
		Debug|Any CPU = Debug|Any CPU
		Release|Any CPU = Release|Any CPU
	EndGlobalSection
	GlobalSection(ProjectConfigurationPlatforms) = postSolution
		{CB5F278A-3342-4F7D-8964-19333F00DC54}.Debug|Any CPU.ActiveCfg = Debug|Any CPU
		{CB5F278A-3342-4F7D-8964-19333F00DC54}.Debug|Any CPU.Build.0 = Debug|Any CPU
		{CB5F278A-3342-4F7D-8964-19333F00DC54}.Release|Any CPU.ActiveCfg = Release|Any CPU
		{CB5F278A-3342-4F7D-8964-19333F00DC54}.Release|Any CPU.Build.0 = Release|Any CPU
		{BCD06B05-61D9-4C71-AE59-0866DBA46625}.Debug|Any CPU.ActiveCfg = Debug|Any CPU
		{BCD06B05-61D9-4C71-AE59-0866DBA46625}.Debug|Any CPU.Build.0 = Debug|Any CPU
		{BCD06B05-61D9-4C71-AE59-0866DBA46625}.Release|Any CPU.ActiveCfg = Release|Any CPU
		{BCD06B05-61D9-4C71-AE59-0866DBA46625}.Release|Any CPU.Build.0 = Release|Any CPU
	EndGlobalSection
	GlobalSection(SolutionProperties) = preSolution
		HideSolutionNode = FALSE
	EndGlobalSection
	GlobalSection(NestedProjects) = preSolution
		{BCD06B05-61D9-4C71-AE59-0866DBA46625} = {9E39A9E5-3FCC-4926-B2A4-5CD423F22E8D}
	EndGlobalSection
	GlobalSection(ExtensibilityGlobals) = postSolution
		SolutionGuid = {9B8CA12A-C910-47BB-ACF2-3E281B0158B4}
	EndGlobalSection
EndGlobal
